// !$*UTF8*$!
{
	archiveVersion = 1;
	classes = {
	};
	objectVersion = 52;
	objects = {

/* Begin PBXBuildFile section */
		1E3045D525126C4F00CD2F6F /* HomeViewController.swift in Sources */ = {isa = PBXBuildFile; fileRef = 1E3045D425126C4F00CD2F6F /* HomeViewController.swift */; };
		1E3045D7251275DE00CD2F6F /* SearchViewController.swift in Sources */ = {isa = PBXBuildFile; fileRef = 1E3045D6251275DE00CD2F6F /* SearchViewController.swift */; };
		1E7236C32508774F0084516C /* AppDelegate.swift in Sources */ = {isa = PBXBuildFile; fileRef = 1E7236C22508774F0084516C /* AppDelegate.swift */; };
		1E7236C52508774F0084516C /* SceneDelegate.swift in Sources */ = {isa = PBXBuildFile; fileRef = 1E7236C42508774F0084516C /* SceneDelegate.swift */; };
		1E7236CA2508774F0084516C /* Main.storyboard in Resources */ = {isa = PBXBuildFile; fileRef = 1E7236C82508774F0084516C /* Main.storyboard */; };
		1E7236CC250877500084516C /* Assets.xcassets in Resources */ = {isa = PBXBuildFile; fileRef = 1E7236CB250877500084516C /* Assets.xcassets */; };
		1E7236CF250877500084516C /* LaunchScreen.storyboard in Resources */ = {isa = PBXBuildFile; fileRef = 1E7236CD250877500084516C /* LaunchScreen.storyboard */; };
		1E7B8F5A25131B6100EE77FA /* SearchAPI.swift in Sources */ = {isa = PBXBuildFile; fileRef = 1E7B8F5925131B6100EE77FA /* SearchAPI.swift */; };
		1E7B8F5F2513307100EE77FA /* KingfisherDynamic in Frameworks */ = {isa = PBXBuildFile; productRef = 1E7B8F5E2513307100EE77FA /* KingfisherDynamic */; };
		1E7B8F602513307100EE77FA /* KingfisherDynamic in Embed Frameworks */ = {isa = PBXBuildFile; productRef = 1E7B8F5E2513307100EE77FA /* KingfisherDynamic */; settings = {ATTRIBUTES = (CodeSignOnCopy, ); }; };
		1E7B8F642514930F00EE77FA /* Player.storyboard in Resources */ = {isa = PBXBuildFile; fileRef = 1E7B8F632514930F00EE77FA /* Player.storyboard */; };
		1E7B8F662514941D00EE77FA /* PlayerViewController.swift in Sources */ = {isa = PBXBuildFile; fileRef = 1E7B8F652514941D00EE77FA /* PlayerViewController.swift */; };
		1E7B8F6825149B0900EE77FA /* PlayerView.swift in Sources */ = {isa = PBXBuildFile; fileRef = 1E7B8F6725149B0900EE77FA /* PlayerView.swift */; };
/* End PBXBuildFile section */

/* Begin PBXCopyFilesBuildPhase section */
		1E7B8F612513307100EE77FA /* Embed Frameworks */ = {
			isa = PBXCopyFilesBuildPhase;
			buildActionMask = 2147483647;
			dstPath = "";
			dstSubfolderSpec = 10;
			files = (
				1E7B8F602513307100EE77FA /* KingfisherDynamic in Embed Frameworks */,
			);
			name = "Embed Frameworks";
			runOnlyForDeploymentPostprocessing = 0;
		};
/* End PBXCopyFilesBuildPhase section */

/* Begin PBXFileReference section */
		1E3045D425126C4F00CD2F6F /* HomeViewController.swift */ = {isa = PBXFileReference; lastKnownFileType = sourcecode.swift; path = HomeViewController.swift; sourceTree = "<group>"; };
		1E3045D6251275DE00CD2F6F /* SearchViewController.swift */ = {isa = PBXFileReference; lastKnownFileType = sourcecode.swift; path = SearchViewController.swift; sourceTree = "<group>"; };
		1E7236BF2508774F0084516C /* MyNetflix.app */ = {isa = PBXFileReference; explicitFileType = wrapper.application; includeInIndex = 0; path = MyNetflix.app; sourceTree = BUILT_PRODUCTS_DIR; };
		1E7236C22508774F0084516C /* AppDelegate.swift */ = {isa = PBXFileReference; lastKnownFileType = sourcecode.swift; path = AppDelegate.swift; sourceTree = "<group>"; };
		1E7236C42508774F0084516C /* SceneDelegate.swift */ = {isa = PBXFileReference; lastKnownFileType = sourcecode.swift; path = SceneDelegate.swift; sourceTree = "<group>"; };
		1E7236C92508774F0084516C /* Base */ = {isa = PBXFileReference; lastKnownFileType = file.storyboard; name = Base; path = Base.lproj/Main.storyboard; sourceTree = "<group>"; };
		1E7236CB250877500084516C /* Assets.xcassets */ = {isa = PBXFileReference; lastKnownFileType = folder.assetcatalog; path = Assets.xcassets; sourceTree = "<group>"; };
		1E7236CE250877500084516C /* Base */ = {isa = PBXFileReference; lastKnownFileType = file.storyboard; name = Base; path = Base.lproj/LaunchScreen.storyboard; sourceTree = "<group>"; };
		1E7236D0250877500084516C /* Info.plist */ = {isa = PBXFileReference; lastKnownFileType = text.plist.xml; path = Info.plist; sourceTree = "<group>"; };
		1E7B8F5925131B6100EE77FA /* SearchAPI.swift */ = {isa = PBXFileReference; lastKnownFileType = sourcecode.swift; path = SearchAPI.swift; sourceTree = "<group>"; };
		1E7B8F632514930F00EE77FA /* Player.storyboard */ = {isa = PBXFileReference; lastKnownFileType = file.storyboard; path = Player.storyboard; sourceTree = "<group>"; };
		1E7B8F652514941D00EE77FA /* PlayerViewController.swift */ = {isa = PBXFileReference; lastKnownFileType = sourcecode.swift; path = PlayerViewController.swift; sourceTree = "<group>"; };
		1E7B8F6725149B0900EE77FA /* PlayerView.swift */ = {isa = PBXFileReference; lastKnownFileType = sourcecode.swift; path = PlayerView.swift; sourceTree = "<group>"; };
/* End PBXFileReference section */

/* Begin PBXFrameworksBuildPhase section */
		1E7236BC2508774F0084516C /* Frameworks */ = {
			isa = PBXFrameworksBuildPhase;
			buildActionMask = 2147483647;
			files = (
				1E7B8F5F2513307100EE77FA /* KingfisherDynamic in Frameworks */,
			);
			runOnlyForDeploymentPostprocessing = 0;
		};
/* End PBXFrameworksBuildPhase section */

/* Begin PBXGroup section */
		1E3045D82512782500CD2F6F /* Search */ = {
			isa = PBXGroup;
			children = (
				1E3045D6251275DE00CD2F6F /* SearchViewController.swift */,
				1E7B8F5925131B6100EE77FA /* SearchAPI.swift */,
			);
			path = Search;
			sourceTree = "<group>";
		};
		1E7236B62508774F0084516C = {
			isa = PBXGroup;
			children = (
				1E7236C12508774F0084516C /* MyNetflix */,
				1E7236C02508774F0084516C /* Products */,
			);
			sourceTree = "<group>";
		};
		1E7236C02508774F0084516C /* Products */ = {
			isa = PBXGroup;
			children = (
				1E7236BF2508774F0084516C /* MyNetflix.app */,
			);
			name = Products;
			sourceTree = "<group>";
		};
		1E7236C12508774F0084516C /* MyNetflix */ = {
			isa = PBXGroup;
			children = (
				1E7236C22508774F0084516C /* AppDelegate.swift */,
				1E7236C42508774F0084516C /* SceneDelegate.swift */,
				1E7236C82508774F0084516C /* Main.storyboard */,
				1E3045D425126C4F00CD2F6F /* HomeViewController.swift */,
				1E3045D82512782500CD2F6F /* Search */,
				1E7236CB250877500084516C /* Assets.xcassets */,
				1E7B8F62251492F800EE77FA /* Player */,
				1E7236CD250877500084516C /* LaunchScreen.storyboard */,
				1E7236D0250877500084516C /* Info.plist */,
			);
			path = MyNetflix;
			sourceTree = "<group>";
		};
		1E7B8F62251492F800EE77FA /* Player */ = {
			isa = PBXGroup;
			children = (
				1E7B8F632514930F00EE77FA /* Player.storyboard */,
				1E7B8F652514941D00EE77FA /* PlayerViewController.swift */,
				1E7B8F6725149B0900EE77FA /* PlayerView.swift */,
			);
			path = Player;
			sourceTree = "<group>";
		};
/* End PBXGroup section */

/* Begin PBXNativeTarget section */
		1E7236BE2508774F0084516C /* MyNetflix */ = {
			isa = PBXNativeTarget;
			buildConfigurationList = 1E7236D3250877500084516C /* Build configuration list for PBXNativeTarget "MyNetflix" */;
			buildPhases = (
				1E7236BB2508774F0084516C /* Sources */,
				1E7236BC2508774F0084516C /* Frameworks */,
				1E7236BD2508774F0084516C /* Resources */,
				1E7B8F612513307100EE77FA /* Embed Frameworks */,
			);
			buildRules = (
			);
			dependencies = (
			);
			name = MyNetflix;
			packageProductDependencies = (
				1E7B8F5E2513307100EE77FA /* KingfisherDynamic */,
			);
			productName = MyNetflix;
			productReference = 1E7236BF2508774F0084516C /* MyNetflix.app */;
			productType = "com.apple.product-type.application";
		};
/* End PBXNativeTarget section */

/* Begin PBXProject section */
		1E7236B72508774F0084516C /* Project object */ = {
			isa = PBXProject;
			attributes = {
				LastSwiftUpdateCheck = 1170;
				LastUpgradeCheck = 1170;
				ORGANIZATIONNAME = "하혜선";
				TargetAttributes = {
					1E7236BE2508774F0084516C = {
						CreatedOnToolsVersion = 11.7;
					};
				};
			};
			buildConfigurationList = 1E7236BA2508774F0084516C /* Build configuration list for PBXProject "MyNetflix" */;
			compatibilityVersion = "Xcode 9.3";
			developmentRegion = en;
			hasScannedForEncodings = 0;
			knownRegions = (
				en,
				Base,
			);
			mainGroup = 1E7236B62508774F0084516C;
			packageReferences = (
				1E7B8F5D2513307100EE77FA /* XCRemoteSwiftPackageReference "Kingfisher" */,
			);
			productRefGroup = 1E7236C02508774F0084516C /* Products */;
			projectDirPath = "";
			projectRoot = "";
			targets = (
				1E7236BE2508774F0084516C /* MyNetflix */,
			);
		};
/* End PBXProject section */

/* Begin PBXResourcesBuildPhase section */
		1E7236BD2508774F0084516C /* Resources */ = {
			isa = PBXResourcesBuildPhase;
			buildActionMask = 2147483647;
			files = (
				1E7236CF250877500084516C /* LaunchScreen.storyboard in Resources */,
				1E7B8F642514930F00EE77FA /* Player.storyboard in Resources */,
				1E7236CC250877500084516C /* Assets.xcassets in Resources */,
				1E7236CA2508774F0084516C /* Main.storyboard in Resources */,
			);
			runOnlyForDeploymentPostprocessing = 0;
		};
/* End PBXResourcesBuildPhase section */

/* Begin PBXSourcesBuildPhase section */
		1E7236BB2508774F0084516C /* Sources */ = {
			isa = PBXSourcesBuildPhase;
			buildActionMask = 2147483647;
			files = (
				1E7B8F5A25131B6100EE77FA /* SearchAPI.swift in Sources */,
				1E7236C32508774F0084516C /* AppDelegate.swift in Sources */,
				1E7B8F6825149B0900EE77FA /* PlayerView.swift in Sources */,
				1E7236C52508774F0084516C /* SceneDelegate.swift in Sources */,
				1E3045D7251275DE00CD2F6F /* SearchViewController.swift in Sources */,
				1E3045D525126C4F00CD2F6F /* HomeViewController.swift in Sources */,
				1E7B8F662514941D00EE77FA /* PlayerViewController.swift in Sources */,
			);
			runOnlyForDeploymentPostprocessing = 0;
		};
/* End PBXSourcesBuildPhase section */

/* Begin PBXVariantGroup section */
		1E7236C82508774F0084516C /* Main.storyboard */ = {
			isa = PBXVariantGroup;
			children = (
				1E7236C92508774F0084516C /* Base */,
			);
			name = Main.storyboard;
			sourceTree = "<group>";
		};
		1E7236CD250877500084516C /* LaunchScreen.storyboard */ = {
			isa = PBXVariantGroup;
			children = (
				1E7236CE250877500084516C /* Base */,
			);
			name = LaunchScreen.storyboard;
			sourceTree = "<group>";
		};
/* End PBXVariantGroup section */

/* Begin XCBuildConfiguration section */
		1E7236D1250877500084516C /* Debug */ = {
			isa = XCBuildConfiguration;
			buildSettings = {
				ALWAYS_SEARCH_USER_PATHS = NO;
				CLANG_ANALYZER_NONNULL = YES;
				CLANG_ANALYZER_NUMBER_OBJECT_CONVERSION = YES_AGGRESSIVE;
				CLANG_CXX_LANGUAGE_STANDARD = "gnu++14";
				CLANG_CXX_LIBRARY = "libc++";
				CLANG_ENABLE_MODULES = YES;
				CLANG_ENABLE_OBJC_ARC = YES;
				CLANG_ENABLE_OBJC_WEAK = YES;
				CLANG_WARN_BLOCK_CAPTURE_AUTORELEASING = YES;
				CLANG_WARN_BOOL_CONVERSION = YES;
				CLANG_WARN_COMMA = YES;
				CLANG_WARN_CONSTANT_CONVERSION = YES;
				CLANG_WARN_DEPRECATED_OBJC_IMPLEMENTATIONS = YES;
				CLANG_WARN_DIRECT_OBJC_ISA_USAGE = YES_ERROR;
				CLANG_WARN_DOCUMENTATION_COMMENTS = YES;
				CLANG_WARN_EMPTY_BODY = YES;
				CLANG_WARN_ENUM_CONVERSION = YES;
				CLANG_WARN_INFINITE_RECURSION = YES;
				CLANG_WARN_INT_CONVERSION = YES;
				CLANG_WARN_NON_LITERAL_NULL_CONVERSION = YES;
				CLANG_WARN_OBJC_IMPLICIT_RETAIN_SELF = YES;
				CLANG_WARN_OBJC_LITERAL_CONVERSION = YES;
				CLANG_WARN_OBJC_ROOT_CLASS = YES_ERROR;
				CLANG_WARN_RANGE_LOOP_ANALYSIS = YES;
				CLANG_WARN_STRICT_PROTOTYPES = YES;
				CLANG_WARN_SUSPICIOUS_MOVE = YES;
				CLANG_WARN_UNGUARDED_AVAILABILITY = YES_AGGRESSIVE;
				CLANG_WARN_UNREACHABLE_CODE = YES;
				CLANG_WARN__DUPLICATE_METHOD_MATCH = YES;
				COPY_PHASE_STRIP = NO;
				DEBUG_INFORMATION_FORMAT = dwarf;
				ENABLE_STRICT_OBJC_MSGSEND = YES;
				ENABLE_TESTABILITY = YES;
				GCC_C_LANGUAGE_STANDARD = gnu11;
				GCC_DYNAMIC_NO_PIC = NO;
				GCC_NO_COMMON_BLOCKS = YES;
				GCC_OPTIMIZATION_LEVEL = 0;
				GCC_PREPROCESSOR_DEFINITIONS = (
					"DEBUG=1",
					"$(inherited)",
				);
				GCC_WARN_64_TO_32_BIT_CONVERSION = YES;
				GCC_WARN_ABOUT_RETURN_TYPE = YES_ERROR;
				GCC_WARN_UNDECLARED_SELECTOR = YES;
				GCC_WARN_UNINITIALIZED_AUTOS = YES_AGGRESSIVE;
				GCC_WARN_UNUSED_FUNCTION = YES;
				GCC_WARN_UNUSED_VARIABLE = YES;
				IPHONEOS_DEPLOYMENT_TARGET = 13.7;
				MTL_ENABLE_DEBUG_INFO = INCLUDE_SOURCE;
				MTL_FAST_MATH = YES;
				ONLY_ACTIVE_ARCH = YES;
				SDKROOT = iphoneos;
				SWIFT_ACTIVE_COMPILATION_CONDITIONS = DEBUG;
				SWIFT_OPTIMIZATION_LEVEL = "-Onone";
			};
			name = Debug;
		};
		1E7236D2250877500084516C /* Release */ = {
			isa = XCBuildConfiguration;
			buildSettings = {
				ALWAYS_SEARCH_USER_PATHS = NO;
				CLANG_ANALYZER_NONNULL = YES;
				CLANG_ANALYZER_NUMBER_OBJECT_CONVERSION = YES_AGGRESSIVE;
				CLANG_CXX_LANGUAGE_STANDARD = "gnu++14";
				CLANG_CXX_LIBRARY = "libc++";
				CLANG_ENABLE_MODULES = YES;
				CLANG_ENABLE_OBJC_ARC = YES;
				CLANG_ENABLE_OBJC_WEAK = YES;
				CLANG_WARN_BLOCK_CAPTURE_AUTORELEASING = YES;
				CLANG_WARN_BOOL_CONVERSION = YES;
				CLANG_WARN_COMMA = YES;
				CLANG_WARN_CONSTANT_CONVERSION = YES;
				CLANG_WARN_DEPRECATED_OBJC_IMPLEMENTATIONS = YES;
				CLANG_WARN_DIRECT_OBJC_ISA_USAGE = YES_ERROR;
				CLANG_WARN_DOCUMENTATION_COMMENTS = YES;
				CLANG_WARN_EMPTY_BODY = YES;
				CLANG_WARN_ENUM_CONVERSION = YES;
				CLANG_WARN_INFINITE_RECURSION = YES;
				CLANG_WARN_INT_CONVERSION = YES;
				CLANG_WARN_NON_LITERAL_NULL_CONVERSION = YES;
				CLANG_WARN_OBJC_IMPLICIT_RETAIN_SELF = YES;
				CLANG_WARN_OBJC_LITERAL_CONVERSION = YES;
				CLANG_WARN_OBJC_ROOT_CLASS = YES_ERROR;
				CLANG_WARN_RANGE_LOOP_ANALYSIS = YES;
				CLANG_WARN_STRICT_PROTOTYPES = YES;
				CLANG_WARN_SUSPICIOUS_MOVE = YES;
				CLANG_WARN_UNGUARDED_AVAILABILITY = YES_AGGRESSIVE;
				CLANG_WARN_UNREACHABLE_CODE = YES;
				CLANG_WARN__DUPLICATE_METHOD_MATCH = YES;
				COPY_PHASE_STRIP = NO;
				DEBUG_INFORMATION_FORMAT = "dwarf-with-dsym";
				ENABLE_NS_ASSERTIONS = NO;
				ENABLE_STRICT_OBJC_MSGSEND = YES;
				GCC_C_LANGUAGE_STANDARD = gnu11;
				GCC_NO_COMMON_BLOCKS = YES;
				GCC_WARN_64_TO_32_BIT_CONVERSION = YES;
				GCC_WARN_ABOUT_RETURN_TYPE = YES_ERROR;
				GCC_WARN_UNDECLARED_SELECTOR = YES;
				GCC_WARN_UNINITIALIZED_AUTOS = YES_AGGRESSIVE;
				GCC_WARN_UNUSED_FUNCTION = YES;
				GCC_WARN_UNUSED_VARIABLE = YES;
				IPHONEOS_DEPLOYMENT_TARGET = 13.7;
				MTL_ENABLE_DEBUG_INFO = NO;
				MTL_FAST_MATH = YES;
				SDKROOT = iphoneos;
				SWIFT_COMPILATION_MODE = wholemodule;
				SWIFT_OPTIMIZATION_LEVEL = "-O";
				VALIDATE_PRODUCT = YES;
			};
			name = Release;
		};
		1E7236D4250877500084516C /* Debug */ = {
			isa = XCBuildConfiguration;
			buildSettings = {
				ASSETCATALOG_COMPILER_APPICON_NAME = AppIcon;
				CODE_SIGN_STYLE = Automatic;
				INFOPLIST_FILE = MyNetflix/Info.plist;
				LD_RUNPATH_SEARCH_PATHS = (
					"$(inherited)",
					"@executable_path/Frameworks",
				);
				PRODUCT_BUNDLE_IDENTIFIER = exercise.MyNetflix;
				PRODUCT_NAME = "$(TARGET_NAME)";
				SWIFT_VERSION = 5.0;
				TARGETED_DEVICE_FAMILY = "1,2";
			};
			name = Debug;
		};
		1E7236D5250877500084516C /* Release */ = {
			isa = XCBuildConfiguration;
			buildSettings = {
				ASSETCATALOG_COMPILER_APPICON_NAME = AppIcon;
				CODE_SIGN_STYLE = Automatic;
				INFOPLIST_FILE = MyNetflix/Info.plist;
				LD_RUNPATH_SEARCH_PATHS = (
					"$(inherited)",
					"@executable_path/Frameworks",
				);
				PRODUCT_BUNDLE_IDENTIFIER = exercise.MyNetflix;
				PRODUCT_NAME = "$(TARGET_NAME)";
				SWIFT_VERSION = 5.0;
				TARGETED_DEVICE_FAMILY = "1,2";
			};
			name = Release;
		};
/* End XCBuildConfiguration section */

/* Begin XCConfigurationList section */
		1E7236BA2508774F0084516C /* Build configuration list for PBXProject "MyNetflix" */ = {
			isa = XCConfigurationList;
			buildConfigurations = (
				1E7236D1250877500084516C /* Debug */,
				1E7236D2250877500084516C /* Release */,
			);
			defaultConfigurationIsVisible = 0;
			defaultConfigurationName = Release;
		};
		1E7236D3250877500084516C /* Build configuration list for PBXNativeTarget "MyNetflix" */ = {
			isa = XCConfigurationList;
			buildConfigurations = (
				1E7236D4250877500084516C /* Debug */,
				1E7236D5250877500084516C /* Release */,
			);
			defaultConfigurationIsVisible = 0;
			defaultConfigurationName = Release;
		};
/* End XCConfigurationList section */

/* Begin XCRemoteSwiftPackageReference section */
		1E7B8F5D2513307100EE77FA /* XCRemoteSwiftPackageReference "Kingfisher" */ = {
			isa = XCRemoteSwiftPackageReference;
			repositoryURL = "https://github.com/onevcat/Kingfisher.git";
			requirement = {
				kind = upToNextMajorVersion;
				minimumVersion = 5.15.1;
			};
		};
/* End XCRemoteSwiftPackageReference section */

/* Begin XCSwiftPackageProductDependency section */
		1E7B8F5E2513307100EE77FA /* KingfisherDynamic */ = {
			isa = XCSwiftPackageProductDependency;
			package = 1E7B8F5D2513307100EE77FA /* XCRemoteSwiftPackageReference "Kingfisher" */;
			productName = KingfisherDynamic;
		};
/* End XCSwiftPackageProductDependency section */
	};
	rootObject = 1E7236B72508774F0084516C /* Project object */;
}
